// !$*UTF8*$!
{
	archiveVersion = 1;
	classes = {
	};
	objectVersion = 46;
	objects = {

/* Begin PBXBuildFile section */
		2820E3F41B53B1630047CC1D /* AppDelegate.swift in Sources */ = {isa = PBXBuildFile; fileRef = 2820E3F31B53B1630047CC1D /* AppDelegate.swift */; };
		2820E3F61B53B1630047CC1D /* ViewController.swift in Sources */ = {isa = PBXBuildFile; fileRef = 2820E3F51B53B1630047CC1D /* ViewController.swift */; };
		2820E3F91B53B1640047CC1D /* Main.storyboard in Resources */ = {isa = PBXBuildFile; fileRef = 2820E3F71B53B1640047CC1D /* Main.storyboard */; };
		2820E3FB1B53B1640047CC1D /* Images.xcassets in Resources */ = {isa = PBXBuildFile; fileRef = 2820E3FA1B53B1640047CC1D /* Images.xcassets */; };
		2820E3FE1B53B1640047CC1D /* LaunchScreen.xib in Resources */ = {isa = PBXBuildFile; fileRef = 2820E3FC1B53B1640047CC1D /* LaunchScreen.xib */; };
		2820E40A1B53B1640047CC1D /* UIPractiseTests.swift in Sources */ = {isa = PBXBuildFile; fileRef = 2820E4091B53B1640047CC1D /* UIPractiseTests.swift */; };
		2820E4141B54DFE10047CC1D /* AddViewController.swift in Sources */ = {isa = PBXBuildFile; fileRef = 2820E4131B54DFE10047CC1D /* AddViewController.swift */; };
		2820E4161B54E2E40047CC1D /* TableViewController.swift in Sources */ = {isa = PBXBuildFile; fileRef = 2820E4151B54E2E40047CC1D /* TableViewController.swift */; };
		2820E4181B551F3B0047CC1D /* MyData.swift in Sources */ = {isa = PBXBuildFile; fileRef = 2820E4171B551F3B0047CC1D /* MyData.swift */; };
/* End PBXBuildFile section */

/* Begin PBXContainerItemProxy section */
		2820E4041B53B1640047CC1D /* PBXContainerItemProxy */ = {
			isa = PBXContainerItemProxy;
			containerPortal = 2820E3E61B53B1630047CC1D /* Project object */;
			proxyType = 1;
			remoteGlobalIDString = 2820E3ED1B53B1630047CC1D;
			remoteInfo = UIPractise;
		};
/* End PBXContainerItemProxy section */

/* Begin PBXFileReference section */
		2820E3EE1B53B1630047CC1D /* UIPractise.app */ = {isa = PBXFileReference; explicitFileType = wrapper.application; includeInIndex = 0; path = UIPractise.app; sourceTree = BUILT_PRODUCTS_DIR; };
		2820E3F21B53B1630047CC1D /* Info.plist */ = {isa = PBXFileReference; lastKnownFileType = text.plist.xml; path = Info.plist; sourceTree = "<group>"; };
		2820E3F31B53B1630047CC1D /* AppDelegate.swift */ = {isa = PBXFileReference; lastKnownFileType = sourcecode.swift; path = AppDelegate.swift; sourceTree = "<group>"; };
		2820E3F51B53B1630047CC1D /* ViewController.swift */ = {isa = PBXFileReference; lastKnownFileType = sourcecode.swift; path = ViewController.swift; sourceTree = "<group>"; };
		2820E3F81B53B1640047CC1D /* Base */ = {isa = PBXFileReference; lastKnownFileType = file.storyboard; name = Base; path = Base.lproj/Main.storyboard; sourceTree = "<group>"; };
		2820E3FA1B53B1640047CC1D /* Images.xcassets */ = {isa = PBXFileReference; lastKnownFileType = folder.assetcatalog; path = Images.xcassets; sourceTree = "<group>"; };
		2820E3FD1B53B1640047CC1D /* Base */ = {isa = PBXFileReference; lastKnownFileType = file.xib; name = Base; path = Base.lproj/LaunchScreen.xib; sourceTree = "<group>"; };
		2820E4031B53B1640047CC1D /* UIPractiseTests.xctest */ = {isa = PBXFileReference; explicitFileType = wrapper.cfbundle; includeInIndex = 0; path = UIPractiseTests.xctest; sourceTree = BUILT_PRODUCTS_DIR; };
		2820E4081B53B1640047CC1D /* Info.plist */ = {isa = PBXFileReference; lastKnownFileType = text.plist.xml; path = Info.plist; sourceTree = "<group>"; };
		2820E4091B53B1640047CC1D /* UIPractiseTests.swift */ = {isa = PBXFileReference; lastKnownFileType = sourcecode.swift; path = UIPractiseTests.swift; sourceTree = "<group>"; };
		2820E4131B54DFE10047CC1D /* AddViewController.swift */ = {isa = PBXFileReference; fileEncoding = 4; lastKnownFileType = sourcecode.swift; path = AddViewController.swift; sourceTree = "<group>"; };
		2820E4151B54E2E40047CC1D /* TableViewController.swift */ = {isa = PBXFileReference; fileEncoding = 4; lastKnownFileType = sourcecode.swift; path = TableViewController.swift; sourceTree = "<group>"; };
		2820E4171B551F3B0047CC1D /* MyData.swift */ = {isa = PBXFileReference; fileEncoding = 4; lastKnownFileType = sourcecode.swift; path = MyData.swift; sourceTree = "<group>"; };
/* End PBXFileReference section */

/* Begin PBXFrameworksBuildPhase section */
		2820E3EB1B53B1630047CC1D /* Frameworks */ = {
			isa = PBXFrameworksBuildPhase;
			buildActionMask = 2147483647;
			files = (
			);
			runOnlyForDeploymentPostprocessing = 0;
		};
		2820E4001B53B1640047CC1D /* Frameworks */ = {
			isa = PBXFrameworksBuildPhase;
			buildActionMask = 2147483647;
			files = (
			);
			runOnlyForDeploymentPostprocessing = 0;
		};
/* End PBXFrameworksBuildPhase section */

/* Begin PBXGroup section */
		2820E3E51B53B1630047CC1D = {
			isa = PBXGroup;
			children = (
				2820E3F01B53B1630047CC1D /* UIPractise */,
				2820E4061B53B1640047CC1D /* UIPractiseTests */,
				2820E3EF1B53B1630047CC1D /* Products */,
			);
			sourceTree = "<group>";
		};
		2820E3EF1B53B1630047CC1D /* Products */ = {
			isa = PBXGroup;
			children = (
				2820E3EE1B53B1630047CC1D /* UIPractise.app */,
				2820E4031B53B1640047CC1D /* UIPractiseTests.xctest */,
			);
			name = Products;
			sourceTree = "<group>";
		};
		2820E3F01B53B1630047CC1D /* UIPractise */ = {
			isa = PBXGroup;
			children = (
				2820E3F31B53B1630047CC1D /* AppDelegate.swift */,
				2820E3F51B53B1630047CC1D /* ViewController.swift */,
				2820E3F71B53B1640047CC1D /* Main.storyboard */,
				2820E3FA1B53B1640047CC1D /* Images.xcassets */,
				2820E3FC1B53B1640047CC1D /* LaunchScreen.xib */,
				2820E3F11B53B1630047CC1D /* Supporting Files */,
				2820E4131B54DFE10047CC1D /* AddViewController.swift */,
				2820E4151B54E2E40047CC1D /* TableViewController.swift */,
				2820E4171B551F3B0047CC1D /* MyData.swift */,
			);
			path = UIPractise;
			sourceTree = "<group>";
		};
		2820E3F11B53B1630047CC1D /* Supporting Files */ = {
			isa = PBXGroup;
			children = (
				2820E3F21B53B1630047CC1D /* Info.plist */,
			);
			name = "Supporting Files";
			sourceTree = "<group>";
		};
		2820E4061B53B1640047CC1D /* UIPractiseTests */ = {
			isa = PBXGroup;
			children = (
				2820E4091B53B1640047CC1D /* UIPractiseTests.swift */,
				2820E4071B53B1640047CC1D /* Supporting Files */,
			);
			path = UIPractiseTests;
			sourceTree = "<group>";
		};
		2820E4071B53B1640047CC1D /* Supporting Files */ = {
			isa = PBXGroup;
			children = (
				2820E4081B53B1640047CC1D /* Info.plist */,
			);
			name = "Supporting Files";
			sourceTree = "<group>";
		};
/* End PBXGroup section */

/* Begin PBXNativeTarget section */
		2820E3ED1B53B1630047CC1D /* UIPractise */ = {
			isa = PBXNativeTarget;
			buildConfigurationList = 2820E40D1B53B1640047CC1D /* Build configuration list for PBXNativeTarget "UIPractise" */;
			buildPhases = (
				2820E3EA1B53B1630047CC1D /* Sources */,
				2820E3EB1B53B1630047CC1D /* Frameworks */,
				2820E3EC1B53B1630047CC1D /* Resources */,
			);
			buildRules = (
			);
			dependencies = (
			);
			name = UIPractise;
			productName = UIPractise;
			productReference = 2820E3EE1B53B1630047CC1D /* UIPractise.app */;
			productType = "com.apple.product-type.application";
		};
		2820E4021B53B1640047CC1D /* UIPractiseTests */ = {
			isa = PBXNativeTarget;
			buildConfigurationList = 2820E4101B53B1640047CC1D /* Build configuration list for PBXNativeTarget "UIPractiseTests" */;
			buildPhases = (
				2820E3FF1B53B1640047CC1D /* Sources */,
				2820E4001B53B1640047CC1D /* Frameworks */,
				2820E4011B53B1640047CC1D /* Resources */,
			);
			buildRules = (
			);
			dependencies = (
				2820E4051B53B1640047CC1D /* PBXTargetDependency */,
			);
			name = UIPractiseTests;
			productName = UIPractiseTests;
			productReference = 2820E4031B53B1640047CC1D /* UIPractiseTests.xctest */;
			productType = "com.apple.product-type.bundle.unit-test";
		};
/* End PBXNativeTarget section */

/* Begin PBXProject section */
		2820E3E61B53B1630047CC1D /* Project object */ = {
			isa = PBXProject;
			attributes = {
				LastUpgradeCheck = 0630;
				ORGANIZATIONNAME = arthuryu;
				TargetAttributes = {
					2820E3ED1B53B1630047CC1D = {
						CreatedOnToolsVersion = 6.3.2;
					};
					2820E4021B53B1640047CC1D = {
						CreatedOnToolsVersion = 6.3.2;
						TestTargetID = 2820E3ED1B53B1630047CC1D;
					};
				};
			};
			buildConfigurationList = 2820E3E91B53B1630047CC1D /* Build configuration list for PBXProject "UIPractise" */;
			compatibilityVersion = "Xcode 3.2";
			developmentRegion = English;
			hasScannedForEncodings = 0;
			knownRegions = (
				en,
				Base,
			);
			mainGroup = 2820E3E51B53B1630047CC1D;
			productRefGroup = 2820E3EF1B53B1630047CC1D /* Products */;
			projectDirPath = "";
			projectRoot = "";
			targets = (
				2820E3ED1B53B1630047CC1D /* UIPractise */,
				2820E4021B53B1640047CC1D /* UIPractiseTests */,
			);
		};
/* End PBXProject section */

/* Begin PBXResourcesBuildPhase section */
		2820E3EC1B53B1630047CC1D /* Resources */ = {
			isa = PBXResourcesBuildPhase;
			buildActionMask = 2147483647;
			files = (
				2820E3F91B53B1640047CC1D /* Main.storyboard in Resources */,
				2820E3FE1B53B1640047CC1D /* LaunchScreen.xib in Resources */,
				2820E3FB1B53B1640047CC1D /* Images.xcassets in Resources */,
			);
			runOnlyForDeploymentPostprocessing = 0;
		};
		2820E4011B53B1640047CC1D /* Resources */ = {
			isa = PBXResourcesBuildPhase;
			buildActionMask = 2147483647;
			files = (
			);
			runOnlyForDeploymentPostprocessing = 0;
		};
/* End PBXResourcesBuildPhase section */

/* Begin PBXSourcesBuildPhase section */
		2820E3EA1B53B1630047CC1D /* Sources */ = {
			isa = PBXSourcesBuildPhase;
			buildActionMask = 2147483647;
			files = (
				2820E3F61B53B1630047CC1D /* ViewController.swift in Sources */,
				2820E3F41B53B1630047CC1D /* AppDelegate.swift in Sources */,
				2820E4141B54DFE10047CC1D /* AddViewController.swift in Sources */,
				2820E4181B551F3B0047CC1D /* MyData.swift in Sources */,
				2820E4161B54E2E40047CC1D /* TableViewController.swift in Sources */,
			);
			runOnlyForDeploymentPostprocessing = 0;
		};
		2820E3FF1B53B1640047CC1D /* Sources */ = {
			isa = PBXSourcesBuildPhase;
			buildActionMask = 2147483647;
			files = (
				2820E40A1B53B1640047CC1D /* UIPractiseTests.swift in Sources */,
			);
			runOnlyForDeploymentPostprocessing = 0;
		};
/* End PBXSourcesBuildPhase section */

/* Begin PBXTargetDependency section */
		2820E4051B53B1640047CC1D /* PBXTargetDependency */ = {
			isa = PBXTargetDependency;
			target = 2820E3ED1B53B1630047CC1D /* UIPractise */;
			targetProxy = 2820E4041B53B1640047CC1D /* PBXContainerItemProxy */;
		};
/* End PBXTargetDependency section */

/* Begin PBXVariantGroup section */
		2820E3F71B53B1640047CC1D /* Main.storyboard */ = {
			isa = PBXVariantGroup;
			children = (
				2820E3F81B53B1640047CC1D /* Base */,
			);
			name = Main.storyboard;
			sourceTree = "<group>";
		};
		2820E3FC1B53B1640047CC1D /* LaunchScreen.xib */ = {
			isa = PBXVariantGroup;
			children = (
				2820E3FD1B53B1640047CC1D /* Base */,
			);
			name = LaunchScreen.xib;
			sourceTree = "<group>";
		};
/* End PBXVariantGroup section */

/* Begin XCBuildConfiguration section */
		2820E40B1B53B1640047CC1D /* Debug */ = {
			isa = XCBuildConfiguration;
			buildSettings = {
				ALWAYS_SEARCH_USER_PATHS = NO;
				CLANG_CXX_LANGUAGE_STANDARD = "gnu++0x";
				CLANG_CXX_LIBRARY = "libc++";
				CLANG_ENABLE_MODULES = YES;
				CLANG_ENABLE_OBJC_ARC = YES;
				CLANG_WARN_BOOL_CONVERSION = YES;
				CLANG_WARN_CONSTANT_CONVERSION = YES;
				CLANG_WARN_DIRECT_OBJC_ISA_USAGE = YES_ERROR;
				CLANG_WARN_EMPTY_BODY = YES;
				CLANG_WARN_ENUM_CONVERSION = YES;
				CLANG_WARN_INT_CONVERSION = YES;
				CLANG_WARN_OBJC_ROOT_CLASS = YES_ERROR;
				CLANG_WARN_UNREACHABLE_CODE = YES;
				CLANG_WARN__DUPLICATE_METHOD_MATCH = YES;
				"CODE_SIGN_IDENTITY[sdk=iphoneos*]" = "iPhone Developer";
				COPY_PHASE_STRIP = NO;
				DEBUG_INFORMATION_FORMAT = "dwarf-with-dsym";
				ENABLE_STRICT_OBJC_MSGSEND = YES;
				GCC_C_LANGUAGE_STANDARD = gnu99;
				GCC_DYNAMIC_NO_PIC = NO;
				GCC_NO_COMMON_BLOCKS = YES;
				GCC_OPTIMIZATION_LEVEL = 0;
				GCC_PREPROCESSOR_DEFINITIONS = (
					"DEBUG=1",
					"$(inherited)",
				);
				GCC_SYMBOLS_PRIVATE_EXTERN = NO;
				GCC_WARN_64_TO_32_BIT_CONVERSION = YES;
				GCC_WARN_ABOUT_RETURN_TYPE = YES_ERROR;
				GCC_WARN_UNDECLARED_SELECTOR = YES;
				GCC_WARN_UNINITIALIZED_AUTOS = YES_AGGRESSIVE;
				GCC_WARN_UNUSED_FUNCTION = YES;
				GCC_WARN_UNUSED_VARIABLE = YES;
				IPHONEOS_DEPLOYMENT_TARGET = 8.3;
				MTL_ENABLE_DEBUG_INFO = YES;
				ONLY_ACTIVE_ARCH = YES;
				SDKROOT = iphoneos;
				SWIFT_OPTIMIZATION_LEVEL = "-Onone";
				TARGETED_DEVICE_FAMILY = "1,2";
			};
			name = Debug;
		};
		2820E40C1B53B1640047CC1D /* Release */ = {
			isa = XCBuildConfiguration;
			buildSettings = {
				ALWAYS_SEARCH_USER_PATHS = NO;
				CLANG_CXX_LANGUAGE_STANDARD = "gnu++0x";
				CLANG_CXX_LIBRARY = "libc++";
				CLANG_ENABLE_MODULES = YES;
				CLANG_ENABLE_OBJC_ARC = YES;
				CLANG_WARN_BOOL_CONVERSION = YES;
				CLANG_WARN_CONSTANT_CONVERSION = YES;
				CLANG_WARN_DIRECT_OBJC_ISA_USAGE = YES_ERROR;
				CLANG_WARN_EMPTY_BODY = YES;
				CLANG_WARN_ENUM_CONVERSION = YES;
				CLANG_WARN_INT_CONVERSION = YES;
				CLANG_WARN_OBJC_ROOT_CLASS = YES_ERROR;
				CLANG_WARN_UNREACHABLE_CODE = YES;
				CLANG_WARN__DUPLICATE_METHOD_MATCH = YES;
				"CODE_SIGN_IDENTITY[sdk=iphoneos*]" = "iPhone Developer";
				COPY_PHASE_STRIP = NO;
				DEBUG_INFORMATION_FORMAT = "dwarf-with-dsym";
				ENABLE_NS_ASSERTIONS = NO;
				ENABLE_STRICT_OBJC_MSGSEND = YES;
				GCC_C_LANGUAGE_STANDARD = gnu99;
				GCC_NO_COMMON_BLOCKS = YES;
				GCC_WARN_64_TO_32_BIT_CONVERSION = YES;
				GCC_WARN_ABOUT_RETURN_TYPE = YES_ERROR;
				GCC_WARN_UNDECLARED_SELECTOR = YES;
				GCC_WARN_UNINITIALIZED_AUTOS = YES_AGGRESSIVE;
				GCC_WARN_UNUSED_FUNCTION = YES;
				GCC_WARN_UNUSED_VARIABLE = YES;
				IPHONEOS_DEPLOYMENT_TARGET = 8.3;
				MTL_ENABLE_DEBUG_INFO = NO;
				SDKROOT = iphoneos;
				TARGETED_DEVICE_FAMILY = "1,2";
				VALIDATE_PRODUCT = YES;
			};
			name = Release;
		};
		2820E40E1B53B1640047CC1D /* Debug */ = {
			isa = XCBuildConfiguration;
			buildSettings = {
				ASSETCATALOG_COMPILER_APPICON_NAME = AppIcon;
				INFOPLIST_FILE = UIPractise/Info.plist;
				LD_RUNPATH_SEARCH_PATHS = "$(inherited) @executable_path/Frameworks";
				PRODUCT_NAME = "$(TARGET_NAME)";
				TARGETED_DEVICE_FAMILY = 1;
			};
			name = Debug;
		};
		2820E40F1B53B1640047CC1D /* Release */ = {
			isa = XCBuildConfiguration;
			buildSettings = {
				ASSETCATALOG_COMPILER_APPICON_NAME = AppIcon;
				INFOPLIST_FILE = UIPractise/Info.plist;
				LD_RUNPATH_SEARCH_PATHS = "$(inherited) @executable_path/Frameworks";
				PRODUCT_NAME = "$(TARGET_NAME)";
				TARGETED_DEVICE_FAMILY = 1;
			};
			name = Release;
		};
		2820E4111B53B1640047CC1D /* Debug */ = {
			isa = XCBuildConfiguration;
			buildSettings = {
				BUNDLE_LOADER = "$(TEST_HOST)";
				FRAMEWORK_SEARCH_PATHS = (
					"$(SDKROOT)/Developer/Library/Frameworks",
					"$(inherited)",
				);
				GCC_PREPROCESSOR_DEFINITIONS = (
					"DEBUG=1",
					"$(inherited)",
				);
				INFOPLIST_FILE = UIPractiseTests/Info.plist;
				LD_RUNPATH_SEARCH_PATHS = "$(inherited) @executable_path/Frameworks @loader_path/Frameworks";
				PRODUCT_NAME = "$(TARGET_NAME)";
				TEST_HOST = "$(BUILT_PRODUCTS_DIR)/UIPractise.app/UIPractise";
			};
			name = Debug;
		};
		2820E4121B53B1640047CC1D /* Release */ = {
			isa = XCBuildConfiguration;
			buildSettings = {
				BUNDLE_LOADER = "$(TEST_HOST)";
				FRAMEWORK_SEARCH_PATHS = (
					"$(SDKROOT)/Developer/Library/Frameworks",
					"$(inherited)",
				);
				INFOPLIST_FILE = UIPractiseTests/Info.plist;
				LD_RUNPATH_SEARCH_PATHS = "$(inherited) @executable_path/Frameworks @loader_path/Frameworks";
				PRODUCT_NAME = "$(TARGET_NAME)";
				TEST_HOST = "$(BUILT_PRODUCTS_DIR)/UIPractise.app/UIPractise";
			};
			name = Release;
		};
/* End XCBuildConfiguration section */

/* Begin XCConfigurationList section */
		2820E3E91B53B1630047CC1D /* Build configuration list for PBXProject "UIPractise" */ = {
			isa = XCConfigurationList;
			buildConfigurations = (
				2820E40B1B53B1640047CC1D /* Debug */,
				2820E40C1B53B1640047CC1D /* Release */,
			);
			defaultConfigurationIsVisible = 0;
			defaultConfigurationName = Release;
		};
		2820E40D1B53B1640047CC1D /* Build configuration list for PBXNativeTarget "UIPractise" */ = {
			isa = XCConfigurationList;
			buildConfigurations = (
				2820E40E1B53B1640047CC1D /* Debug */,
				2820E40F1B53B1640047CC1D /* Release */,
			);
			defaultConfigurationIsVisible = 0;
			defaultConfigurationName = Release;
		};
		2820E4101B53B1640047CC1D /* Build configuration list for PBXNativeTarget "UIPractiseTests" */ = {
			isa = XCConfigurationList;
			buildConfigurations = (
				2820E4111B53B1640047CC1D /* Debug */,
				2820E4121B53B1640047CC1D /* Release */,
			);
			defaultConfigurationIsVisible = 0;
			defaultConfigurationName = Release;
		};
/* End XCConfigurationList section */
	};
	rootObject = 2820E3E61B53B1630047CC1D /* Project object */;
}
